
Microsoft Visual Studio Solution File, Format Version 12.00
# Visual Studio Version 17
VisualStudioVersion = 17.0.31903.59
MinimumVisualStudioVersion = 10.0.40219.1
Project("{2150E333-8FDC-42A3-9474-1A3956D46DE8}") = "src", "src", "{827E0CD3-B72D-47B6-A68D-7590B98EB39B}"
EndProject
Project("{FAE04EC0-301F-11D3-BF4B-00C04F79EFBC}") = "JD.Domain.Abstractions", "src\JD.Domain.Abstractions\JD.Domain.Abstractions.csproj", "{34080F4F-CD22-40BB-850D-D753C88DD2DB}"
EndProject
Project("{2150E333-8FDC-42A3-9474-1A3956D46DE8}") = "tests", "tests", "{0AB3BF05-4346-4AA6-1389-037BE0695223}"
EndProject
Project("{FAE04EC0-301F-11D3-BF4B-00C04F79EFBC}") = "JD.Domain.Tests.Unit", "tests\JD.Domain.Tests.Unit\JD.Domain.Tests.Unit.csproj", "{AD092A3E-2524-492B-ABB7-BCD0897694CF}"
EndProject
Project("{FAE04EC0-301F-11D3-BF4B-00C04F79EFBC}") = "JD.Domain.Modeling", "src\JD.Domain.Modeling\JD.Domain.Modeling.csproj", "{B8580AB1-28B7-4C98-A6EE-989D7A0175FE}"
EndProject
Project("{FAE04EC0-301F-11D3-BF4B-00C04F79EFBC}") = "JD.Domain.Rules", "src\JD.Domain.Rules\JD.Domain.Rules.csproj", "{1B1C22FC-6774-423A-8B1F-CBAE1A39FD09}"
EndProject
Project("{FAE04EC0-301F-11D3-BF4B-00C04F79EFBC}") = "JD.Domain.Runtime", "src\JD.Domain.Runtime\JD.Domain.Runtime.csproj", "{5FED7821-E8CD-45C6-9132-70BD2D6739F0}"
EndProject
Project("{FAE04EC0-301F-11D3-BF4B-00C04F79EFBC}") = "JD.Domain.Configuration", "src\JD.Domain.Configuration\JD.Domain.Configuration.csproj", "{FBA14406-345B-4D0C-BB21-1FACEF2B35AC}"
EndProject
Project("{FAE04EC0-301F-11D3-BF4B-00C04F79EFBC}") = "JD.Domain.EFCore", "src\JD.Domain.EFCore\JD.Domain.EFCore.csproj", "{1D4D42D4-EC78-4EFF-BF23-D655474A0B33}"
EndProject
Project("{FAE04EC0-301F-11D3-BF4B-00C04F79EFBC}") = "JD.Domain.Generators.Core", "src\JD.Domain.Generators.Core\JD.Domain.Generators.Core.csproj", "{C99CD5B0-F8D1-4948-B7AC-8917475DCF13}"
EndProject
Global
	GlobalSection(SolutionConfigurationPlatforms) = preSolution
		Debug|Any CPU = Debug|Any CPU
		Debug|x64 = Debug|x64
		Debug|x86 = Debug|x86
		Release|Any CPU = Release|Any CPU
		Release|x64 = Release|x64
		Release|x86 = Release|x86
	EndGlobalSection
	GlobalSection(ProjectConfigurationPlatforms) = postSolution
		{34080F4F-CD22-40BB-850D-D753C88DD2DB}.Debug|Any CPU.ActiveCfg = Debug|Any CPU
		{34080F4F-CD22-40BB-850D-D753C88DD2DB}.Debug|Any CPU.Build.0 = Debug|Any CPU
		{34080F4F-CD22-40BB-850D-D753C88DD2DB}.Debug|x64.ActiveCfg = Debug|Any CPU
		{34080F4F-CD22-40BB-850D-D753C88DD2DB}.Debug|x64.Build.0 = Debug|Any CPU
		{34080F4F-CD22-40BB-850D-D753C88DD2DB}.Debug|x86.ActiveCfg = Debug|Any CPU
		{34080F4F-CD22-40BB-850D-D753C88DD2DB}.Debug|x86.Build.0 = Debug|Any CPU
		{34080F4F-CD22-40BB-850D-D753C88DD2DB}.Release|Any CPU.ActiveCfg = Release|Any CPU
		{34080F4F-CD22-40BB-850D-D753C88DD2DB}.Release|Any CPU.Build.0 = Release|Any CPU
		{34080F4F-CD22-40BB-850D-D753C88DD2DB}.Release|x64.ActiveCfg = Release|Any CPU
		{34080F4F-CD22-40BB-850D-D753C88DD2DB}.Release|x64.Build.0 = Release|Any CPU
		{34080F4F-CD22-40BB-850D-D753C88DD2DB}.Release|x86.ActiveCfg = Release|Any CPU
		{34080F4F-CD22-40BB-850D-D753C88DD2DB}.Release|x86.Build.0 = Release|Any CPU
		{AD092A3E-2524-492B-ABB7-BCD0897694CF}.Debug|Any CPU.ActiveCfg = Debug|Any CPU
		{AD092A3E-2524-492B-ABB7-BCD0897694CF}.Debug|Any CPU.Build.0 = Debug|Any CPU
		{AD092A3E-2524-492B-ABB7-BCD0897694CF}.Debug|x64.ActiveCfg = Debug|Any CPU
		{AD092A3E-2524-492B-ABB7-BCD0897694CF}.Debug|x64.Build.0 = Debug|Any CPU
		{AD092A3E-2524-492B-ABB7-BCD0897694CF}.Debug|x86.ActiveCfg = Debug|Any CPU
		{AD092A3E-2524-492B-ABB7-BCD0897694CF}.Debug|x86.Build.0 = Debug|Any CPU
		{AD092A3E-2524-492B-ABB7-BCD0897694CF}.Release|Any CPU.ActiveCfg = Release|Any CPU
		{AD092A3E-2524-492B-ABB7-BCD0897694CF}.Release|Any CPU.Build.0 = Release|Any CPU
		{AD092A3E-2524-492B-ABB7-BCD0897694CF}.Release|x64.ActiveCfg = Release|Any CPU
		{AD092A3E-2524-492B-ABB7-BCD0897694CF}.Release|x64.Build.0 = Release|Any CPU
		{AD092A3E-2524-492B-ABB7-BCD0897694CF}.Release|x86.ActiveCfg = Release|Any CPU
		{AD092A3E-2524-492B-ABB7-BCD0897694CF}.Release|x86.Build.0 = Release|Any CPU
		{B8580AB1-28B7-4C98-A6EE-989D7A0175FE}.Debug|Any CPU.ActiveCfg = Debug|Any CPU
		{B8580AB1-28B7-4C98-A6EE-989D7A0175FE}.Debug|Any CPU.Build.0 = Debug|Any CPU
		{B8580AB1-28B7-4C98-A6EE-989D7A0175FE}.Debug|x64.ActiveCfg = Debug|Any CPU
		{B8580AB1-28B7-4C98-A6EE-989D7A0175FE}.Debug|x64.Build.0 = Debug|Any CPU
		{B8580AB1-28B7-4C98-A6EE-989D7A0175FE}.Debug|x86.ActiveCfg = Debug|Any CPU
		{B8580AB1-28B7-4C98-A6EE-989D7A0175FE}.Debug|x86.Build.0 = Debug|Any CPU
		{B8580AB1-28B7-4C98-A6EE-989D7A0175FE}.Release|Any CPU.ActiveCfg = Release|Any CPU
		{B8580AB1-28B7-4C98-A6EE-989D7A0175FE}.Release|Any CPU.Build.0 = Release|Any CPU
		{B8580AB1-28B7-4C98-A6EE-989D7A0175FE}.Release|x64.ActiveCfg = Release|Any CPU
		{B8580AB1-28B7-4C98-A6EE-989D7A0175FE}.Release|x64.Build.0 = Release|Any CPU
		{B8580AB1-28B7-4C98-A6EE-989D7A0175FE}.Release|x86.ActiveCfg = Release|Any CPU
		{B8580AB1-28B7-4C98-A6EE-989D7A0175FE}.Release|x86.Build.0 = Release|Any CPU
		{1B1C22FC-6774-423A-8B1F-CBAE1A39FD09}.Debug|Any CPU.ActiveCfg = Debug|Any CPU
		{1B1C22FC-6774-423A-8B1F-CBAE1A39FD09}.Debug|Any CPU.Build.0 = Debug|Any CPU
		{1B1C22FC-6774-423A-8B1F-CBAE1A39FD09}.Debug|x64.ActiveCfg = Debug|Any CPU
		{1B1C22FC-6774-423A-8B1F-CBAE1A39FD09}.Debug|x64.Build.0 = Debug|Any CPU
		{1B1C22FC-6774-423A-8B1F-CBAE1A39FD09}.Debug|x86.ActiveCfg = Debug|Any CPU
		{1B1C22FC-6774-423A-8B1F-CBAE1A39FD09}.Debug|x86.Build.0 = Debug|Any CPU
		{1B1C22FC-6774-423A-8B1F-CBAE1A39FD09}.Release|Any CPU.ActiveCfg = Release|Any CPU
		{1B1C22FC-6774-423A-8B1F-CBAE1A39FD09}.Release|Any CPU.Build.0 = Release|Any CPU
		{1B1C22FC-6774-423A-8B1F-CBAE1A39FD09}.Release|x64.ActiveCfg = Release|Any CPU
		{1B1C22FC-6774-423A-8B1F-CBAE1A39FD09}.Release|x64.Build.0 = Release|Any CPU
		{1B1C22FC-6774-423A-8B1F-CBAE1A39FD09}.Release|x86.ActiveCfg = Release|Any CPU
		{1B1C22FC-6774-423A-8B1F-CBAE1A39FD09}.Release|x86.Build.0 = Release|Any CPU
		{5FED7821-E8CD-45C6-9132-70BD2D6739F0}.Debug|Any CPU.ActiveCfg = Debug|Any CPU
		{5FED7821-E8CD-45C6-9132-70BD2D6739F0}.Debug|Any CPU.Build.0 = Debug|Any CPU
		{5FED7821-E8CD-45C6-9132-70BD2D6739F0}.Debug|x64.ActiveCfg = Debug|Any CPU
		{5FED7821-E8CD-45C6-9132-70BD2D6739F0}.Debug|x64.Build.0 = Debug|Any CPU
		{5FED7821-E8CD-45C6-9132-70BD2D6739F0}.Debug|x86.ActiveCfg = Debug|Any CPU
		{5FED7821-E8CD-45C6-9132-70BD2D6739F0}.Debug|x86.Build.0 = Debug|Any CPU
		{5FED7821-E8CD-45C6-9132-70BD2D6739F0}.Release|Any CPU.ActiveCfg = Release|Any CPU
		{5FED7821-E8CD-45C6-9132-70BD2D6739F0}.Release|Any CPU.Build.0 = Release|Any CPU
		{5FED7821-E8CD-45C6-9132-70BD2D6739F0}.Release|x64.ActiveCfg = Release|Any CPU
		{5FED7821-E8CD-45C6-9132-70BD2D6739F0}.Release|x64.Build.0 = Release|Any CPU
		{5FED7821-E8CD-45C6-9132-70BD2D6739F0}.Release|x86.ActiveCfg = Release|Any CPU
		{5FED7821-E8CD-45C6-9132-70BD2D6739F0}.Release|x86.Build.0 = Release|Any CPU
		{FBA14406-345B-4D0C-BB21-1FACEF2B35AC}.Debug|Any CPU.ActiveCfg = Debug|Any CPU
		{FBA14406-345B-4D0C-BB21-1FACEF2B35AC}.Debug|Any CPU.Build.0 = Debug|Any CPU
		{FBA14406-345B-4D0C-BB21-1FACEF2B35AC}.Debug|x64.ActiveCfg = Debug|Any CPU
		{FBA14406-345B-4D0C-BB21-1FACEF2B35AC}.Debug|x64.Build.0 = Debug|Any CPU
		{FBA14406-345B-4D0C-BB21-1FACEF2B35AC}.Debug|x86.ActiveCfg = Debug|Any CPU
		{FBA14406-345B-4D0C-BB21-1FACEF2B35AC}.Debug|x86.Build.0 = Debug|Any CPU
		{FBA14406-345B-4D0C-BB21-1FACEF2B35AC}.Release|Any CPU.ActiveCfg = Release|Any CPU
		{FBA14406-345B-4D0C-BB21-1FACEF2B35AC}.Release|Any CPU.Build.0 = Release|Any CPU
		{FBA14406-345B-4D0C-BB21-1FACEF2B35AC}.Release|x64.ActiveCfg = Release|Any CPU
		{FBA14406-345B-4D0C-BB21-1FACEF2B35AC}.Release|x64.Build.0 = Release|Any CPU
		{FBA14406-345B-4D0C-BB21-1FACEF2B35AC}.Release|x86.ActiveCfg = Release|Any CPU
		{FBA14406-345B-4D0C-BB21-1FACEF2B35AC}.Release|x86.Build.0 = Release|Any CPU
		{1D4D42D4-EC78-4EFF-BF23-D655474A0B33}.Debug|Any CPU.ActiveCfg = Debug|Any CPU
		{1D4D42D4-EC78-4EFF-BF23-D655474A0B33}.Debug|Any CPU.Build.0 = Debug|Any CPU
		{1D4D42D4-EC78-4EFF-BF23-D655474A0B33}.Debug|x64.ActiveCfg = Debug|Any CPU
		{1D4D42D4-EC78-4EFF-BF23-D655474A0B33}.Debug|x64.Build.0 = Debug|Any CPU
		{1D4D42D4-EC78-4EFF-BF23-D655474A0B33}.Debug|x86.ActiveCfg = Debug|Any CPU
		{1D4D42D4-EC78-4EFF-BF23-D655474A0B33}.Debug|x86.Build.0 = Debug|Any CPU
		{1D4D42D4-EC78-4EFF-BF23-D655474A0B33}.Release|Any CPU.ActiveCfg = Release|Any CPU
		{1D4D42D4-EC78-4EFF-BF23-D655474A0B33}.Release|Any CPU.Build.0 = Release|Any CPU
		{1D4D42D4-EC78-4EFF-BF23-D655474A0B33}.Release|x64.ActiveCfg = Release|Any CPU
		{1D4D42D4-EC78-4EFF-BF23-D655474A0B33}.Release|x64.Build.0 = Release|Any CPU
		{1D4D42D4-EC78-4EFF-BF23-D655474A0B33}.Release|x86.ActiveCfg = Release|Any CPU
		{1D4D42D4-EC78-4EFF-BF23-D655474A0B33}.Release|x86.Build.0 = Release|Any CPU
		{C99CD5B0-F8D1-4948-B7AC-8917475DCF13}.Debug|Any CPU.ActiveCfg = Debug|Any CPU
		{C99CD5B0-F8D1-4948-B7AC-8917475DCF13}.Debug|Any CPU.Build.0 = Debug|Any CPU
		{C99CD5B0-F8D1-4948-B7AC-8917475DCF13}.Debug|x64.ActiveCfg = Debug|Any CPU
		{C99CD5B0-F8D1-4948-B7AC-8917475DCF13}.Debug|x64.Build.0 = Debug|Any CPU
		{C99CD5B0-F8D1-4948-B7AC-8917475DCF13}.Debug|x86.ActiveCfg = Debug|Any CPU
		{C99CD5B0-F8D1-4948-B7AC-8917475DCF13}.Debug|x86.Build.0 = Debug|Any CPU
		{C99CD5B0-F8D1-4948-B7AC-8917475DCF13}.Release|Any CPU.ActiveCfg = Release|Any CPU
		{C99CD5B0-F8D1-4948-B7AC-8917475DCF13}.Release|Any CPU.Build.0 = Release|Any CPU
		{C99CD5B0-F8D1-4948-B7AC-8917475DCF13}.Release|x64.ActiveCfg = Release|Any CPU
		{C99CD5B0-F8D1-4948-B7AC-8917475DCF13}.Release|x64.Build.0 = Release|Any CPU
		{C99CD5B0-F8D1-4948-B7AC-8917475DCF13}.Release|x86.ActiveCfg = Release|Any CPU
		{C99CD5B0-F8D1-4948-B7AC-8917475DCF13}.Release|x86.Build.0 = Release|Any CPU
	EndGlobalSection
	GlobalSection(SolutionProperties) = preSolution
		HideSolutionNode = FALSE
	EndGlobalSection
	GlobalSection(NestedProjects) = preSolution
		{34080F4F-CD22-40BB-850D-D753C88DD2DB} = {827E0CD3-B72D-47B6-A68D-7590B98EB39B}
		{AD092A3E-2524-492B-ABB7-BCD0897694CF} = {0AB3BF05-4346-4AA6-1389-037BE0695223}
		{B8580AB1-28B7-4C98-A6EE-989D7A0175FE} = {827E0CD3-B72D-47B6-A68D-7590B98EB39B}
		{1B1C22FC-6774-423A-8B1F-CBAE1A39FD09} = {827E0CD3-B72D-47B6-A68D-7590B98EB39B}
		{5FED7821-E8CD-45C6-9132-70BD2D6739F0} = {827E0CD3-B72D-47B6-A68D-7590B98EB39B}
		{FBA14406-345B-4D0C-BB21-1FACEF2B35AC} = {827E0CD3-B72D-47B6-A68D-7590B98EB39B}
		{1D4D42D4-EC78-4EFF-BF23-D655474A0B33} = {827E0CD3-B72D-47B6-A68D-7590B98EB39B}
		{C99CD5B0-F8D1-4948-B7AC-8917475DCF13} = {827E0CD3-B72D-47B6-A68D-7590B98EB39B}
	EndGlobalSection
EndGlobal
